
Microsoft Visual Studio Solution File, Format Version 12.00
# Visual Studio Version 16
VisualStudioVersion = 16.0.29911.84
MinimumVisualStudioVersion = 10.0.40219.1
Project("{8BC9CEB8-8B4A-11D0-8D11-00A0C91BC942}") = "DaggerMiner", "RandomX_Miner\RandomX_Miner.vcxproj", "{F28FA0B5-F3B9-45B1-9271-6D4B23A19695}"
	ProjectSection(ProjectDependencies) = postProject
		{3346A4AD-C438-4324-8B77-47A16452954B} = {3346A4AD-C438-4324-8B77-47A16452954B}
	EndProjectSection
EndProject
Project("{8BC9CEB8-8B4A-11D0-8D11-00A0C91BC942}") = "randomx", "RandomX\vcxproj\randomx.vcxproj", "{3346A4AD-C438-4324-8B77-47A16452954B}"
EndProject
Global
	GlobalSection(SolutionConfigurationPlatforms) = preSolution
		Debug|x64 = Debug|x64
		Debug|x86 = Debug|x86
		Release|x64 = Release|x64
		Release|x86 = Release|x86
	EndGlobalSection
	GlobalSection(ProjectConfigurationPlatforms) = postSolution
		{F28FA0B5-F3B9-45B1-9271-6D4B23A19695}.Debug|x64.ActiveCfg = Debug|x64
		{F28FA0B5-F3B9-45B1-9271-6D4B23A19695}.Debug|x64.Build.0 = Debug|x64
		{F28FA0B5-F3B9-45B1-9271-6D4B23A19695}.Debug|x86.ActiveCfg = Debug|Win32
		{F28FA0B5-F3B9-45B1-9271-6D4B23A19695}.Debug|x86.Build.0 = Debug|Win32
		{F28FA0B5-F3B9-45B1-9271-6D4B23A19695}.Release|x64.ActiveCfg = Release|x64
		{F28FA0B5-F3B9-45B1-9271-6D4B23A19695}.Release|x64.Build.0 = Release|x64
		{F28FA0B5-F3B9-45B1-9271-6D4B23A19695}.Release|x86.ActiveCfg = Release|Win32
		{F28FA0B5-F3B9-45B1-9271-6D4B23A19695}.Release|x86.Build.0 = Release|Win32
		{3346A4AD-C438-4324-8B77-47A16452954B}.Debug|x64.ActiveCfg = Debug|x64
		{3346A4AD-C438-4324-8B77-47A16452954B}.Debug|x64.Build.0 = Debug|x64
		{3346A4AD-C438-4324-8B77-47A16452954B}.Debug|x86.ActiveCfg = Debug|Win32
		{3346A4AD-C438-4324-8B77-47A16452954B}.Debug|x86.Build.0 = Debug|Win32
		{3346A4AD-C438-4324-8B77-47A16452954B}.Release|x64.ActiveCfg = Release|x64
		{3346A4AD-C438-4324-8B77-47A16452954B}.Release|x64.Build.0 = Release|x64
		{3346A4AD-C438-4324-8B77-47A16452954B}.Release|x86.ActiveCfg = Release|Win32
		{3346A4AD-C438-4324-8B77-47A16452954B}.Release|x86.Build.0 = Release|Win32
	EndGlobalSection
	GlobalSection(SolutionProperties) = preSolution
		HideSolutionNode = FALSE
	EndGlobalSection
	GlobalSection(ExtensibilityGlobals) = postSolution
		SolutionGuid = {BA234138-C6D0-44E6-8A43-D367A83249A4}
	EndGlobalSection
EndGlobal
